// !$*UTF8*$!
{
	archiveVersion = 1;
	classes = {
	};
	objectVersion = 56;
	objects = {

/* Begin PBXBuildFile section */
		2AF6E27529C3329200E8253B /* UberDriver2App.swift in Sources */ = {isa = PBXBuildFile; fileRef = 2AF6E27429C3329200E8253B /* UberDriver2App.swift */; };
		2AF6E28929C332C300E8253B /* CustomTrip.swift in Sources */ = {isa = PBXBuildFile; fileRef = 2AF6E28329C332C300E8253B /* CustomTrip.swift */; };
		2AF6E28A29C332C300E8253B /* CustomNotification.swift in Sources */ = {isa = PBXBuildFile; fileRef = 2AF6E28429C332C300E8253B /* CustomNotification.swift */; };
		2AF6E28B29C332C300E8253B /* RatingStar.swift in Sources */ = {isa = PBXBuildFile; fileRef = 2AF6E28529C332C300E8253B /* RatingStar.swift */; };
		2AF6E28C29C332C300E8253B /* CustomRequest.swift in Sources */ = {isa = PBXBuildFile; fileRef = 2AF6E28629C332C300E8253B /* CustomRequest.swift */; };
		2AF6E28D29C332C300E8253B /* CustomTextField.swift in Sources */ = {isa = PBXBuildFile; fileRef = 2AF6E28729C332C300E8253B /* CustomTextField.swift */; };
		2AF6E28E29C332C300E8253B /* CustomReview.swift in Sources */ = {isa = PBXBuildFile; fileRef = 2AF6E28829C332C300E8253B /* CustomReview.swift */; };
		2AF6E2A929C332DF00E8253B /* DriverRegistration6.swift in Sources */ = {isa = PBXBuildFile; fileRef = 2AF6E29029C332DF00E8253B /* DriverRegistration6.swift */; };
		2AF6E2AA29C332DF00E8253B /* signUpScreen.swift in Sources */ = {isa = PBXBuildFile; fileRef = 2AF6E29129C332DF00E8253B /* signUpScreen.swift */; };
		2AF6E2AB29C332DF00E8253B /* MyWallet1.swift in Sources */ = {isa = PBXBuildFile; fileRef = 2AF6E29229C332DF00E8253B /* MyWallet1.swift */; };
		2AF6E2AC29C332DF00E8253B /* DriverRegistration4.swift in Sources */ = {isa = PBXBuildFile; fileRef = 2AF6E29329C332DF00E8253B /* DriverRegistration4.swift */; };
		2AF6E2AD29C332DF00E8253B /* MyTripsScreen.swift in Sources */ = {isa = PBXBuildFile; fileRef = 2AF6E29429C332DF00E8253B /* MyTripsScreen.swift */; };
		2AF6E2AE29C332DF00E8253B /* ProfileScreen.swift in Sources */ = {isa = PBXBuildFile; fileRef = 2AF6E29529C332DF00E8253B /* ProfileScreen.swift */; };
		2AF6E2AF29C332DF00E8253B /* ReviewScreen.swift in Sources */ = {isa = PBXBuildFile; fileRef = 2AF6E29629C332DF00E8253B /* ReviewScreen.swift */; };
		2AF6E2B029C332DF00E8253B /* MenuScreen.swift in Sources */ = {isa = PBXBuildFile; fileRef = 2AF6E29729C332DF00E8253B /* MenuScreen.swift */; };
		2AF6E2B129C332DF00E8253B /* testgit.swift in Sources */ = {isa = PBXBuildFile; fileRef = 2AF6E29829C332DF00E8253B /* testgit.swift */; };
		2AF6E2B229C332DF00E8253B /* DriverRegistration2.swift in Sources */ = {isa = PBXBuildFile; fileRef = 2AF6E29929C332DF00E8253B /* DriverRegistration2.swift */; };
		2AF6E2B329C332DF00E8253B /* Document Management.swift in Sources */ = {isa = PBXBuildFile; fileRef = 2AF6E29A29C332DF00E8253B /* Document Management.swift */; };
		2AF6E2B429C332DF00E8253B /* MyWallet2.swift in Sources */ = {isa = PBXBuildFile; fileRef = 2AF6E29B29C332DF00E8253B /* MyWallet2.swift */; };
		2AF6E2B529C332DF00E8253B /* VichleManagementScreen.swift in Sources */ = {isa = PBXBuildFile; fileRef = 2AF6E29C29C332DF00E8253B /* VichleManagementScreen.swift */; };
		2AF6E2B629C332DF00E8253B /* DriverRegistration.swift in Sources */ = {isa = PBXBuildFile; fileRef = 2AF6E29D29C332DF00E8253B /* DriverRegistration.swift */; };
		2AF6E2B729C332DF00E8253B /* DriverRegistration3.swift in Sources */ = {isa = PBXBuildFile; fileRef = 2AF6E29E29C332DF00E8253B /* DriverRegistration3.swift */; };
		2AF6E2B829C332DF00E8253B /* CashoutScreen.swift in Sources */ = {isa = PBXBuildFile; fileRef = 2AF6E29F29C332DF00E8253B /* CashoutScreen.swift */; };
		2AF6E2B929C332DF00E8253B /* RequestScreen.swift in Sources */ = {isa = PBXBuildFile; fileRef = 2AF6E2A029C332DF00E8253B /* RequestScreen.swift */; };
		2AF6E2BA29C332DF00E8253B /* SuccessfulScreen.swift in Sources */ = {isa = PBXBuildFile; fileRef = 2AF6E2A129C332DF00E8253B /* SuccessfulScreen.swift */; };
		2AF6E2BB29C332DF00E8253B /* WelcomeScreen.swift in Sources */ = {isa = PBXBuildFile; fileRef = 2AF6E2A229C332DF00E8253B /* WelcomeScreen.swift */; };
		2AF6E2BC29C332DF00E8253B /*  DriverRegistration5.swift in Sources */ = {isa = PBXBuildFile; fileRef = 2AF6E2A329C332DF00E8253B /*  DriverRegistration5.swift */; };
		2AF6E2BD29C332DF00E8253B /* SuccessfulScreen2.swift in Sources */ = {isa = PBXBuildFile; fileRef = 2AF6E2A429C332DF00E8253B /* SuccessfulScreen2.swift */; };
		2AF6E2BE29C332DF00E8253B /* NotificationScreen.swift in Sources */ = {isa = PBXBuildFile; fileRef = 2AF6E2A529C332DF00E8253B /* NotificationScreen.swift */; };
		2AF6E2BF29C332DF00E8253B /* SwiftUIView.swift in Sources */ = {isa = PBXBuildFile; fileRef = 2AF6E2A629C332DF00E8253B /* SwiftUIView.swift */; };
		2AF6E2C029C332DF00E8253B /* LoginScreen.swift in Sources */ = {isa = PBXBuildFile; fileRef = 2AF6E2A729C332DF00E8253B /* LoginScreen.swift */; };
		2AF6E2C129C332DF00E8253B /* AddBankAccountScreen.swift in Sources */ = {isa = PBXBuildFile; fileRef = 2AF6E2A829C332DF00E8253B /* AddBankAccountScreen.swift */; };
		2AF6E2C329C3330700E8253B /* ContentView.swift in Sources */ = {isa = PBXBuildFile; fileRef = 2AF6E2C229C3330700E8253B /* ContentView.swift */; };
		2AF6E2C529C3331600E8253B /* Assets.xcassets in Resources */ = {isa = PBXBuildFile; fileRef = 2AF6E2C429C3331600E8253B /* Assets.xcassets */; };
/* End PBXBuildFile section */

/* Begin PBXFileReference section */
		2AF6E27129C3329200E8253B /* UberDriver2.app */ = {isa = PBXFileReference; explicitFileType = wrapper.application; includeInIndex = 0; path = UberDriver2.app; sourceTree = BUILT_PRODUCTS_DIR; };
		2AF6E27429C3329200E8253B /* UberDriver2App.swift */ = {isa = PBXFileReference; lastKnownFileType = sourcecode.swift; path = UberDriver2App.swift; sourceTree = "<group>"; };
		2AF6E28329C332C300E8253B /* CustomTrip.swift */ = {isa = PBXFileReference; fileEncoding = 4; lastKnownFileType = sourcecode.swift; path = CustomTrip.swift; sourceTree = "<group>"; };
		2AF6E28429C332C300E8253B /* CustomNotification.swift */ = {isa = PBXFileReference; fileEncoding = 4; lastKnownFileType = sourcecode.swift; path = CustomNotification.swift; sourceTree = "<group>"; };
		2AF6E28529C332C300E8253B /* RatingStar.swift */ = {isa = PBXFileReference; fileEncoding = 4; lastKnownFileType = sourcecode.swift; path = RatingStar.swift; sourceTree = "<group>"; };
		2AF6E28629C332C300E8253B /* CustomRequest.swift */ = {isa = PBXFileReference; fileEncoding = 4; lastKnownFileType = sourcecode.swift; path = CustomRequest.swift; sourceTree = "<group>"; };
		2AF6E28729C332C300E8253B /* CustomTextField.swift */ = {isa = PBXFileReference; fileEncoding = 4; lastKnownFileType = sourcecode.swift; path = CustomTextField.swift; sourceTree = "<group>"; };
		2AF6E28829C332C300E8253B /* CustomReview.swift */ = {isa = PBXFileReference; fileEncoding = 4; lastKnownFileType = sourcecode.swift; path = CustomReview.swift; sourceTree = "<group>"; };
		2AF6E29029C332DF00E8253B /* DriverRegistration6.swift */ = {isa = PBXFileReference; fileEncoding = 4; lastKnownFileType = sourcecode.swift; path = DriverRegistration6.swift; sourceTree = "<group>"; };
		2AF6E29129C332DF00E8253B /* signUpScreen.swift */ = {isa = PBXFileReference; fileEncoding = 4; lastKnownFileType = sourcecode.swift; path = signUpScreen.swift; sourceTree = "<group>"; };
		2AF6E29229C332DF00E8253B /* MyWallet1.swift */ = {isa = PBXFileReference; fileEncoding = 4; lastKnownFileType = sourcecode.swift; path = MyWallet1.swift; sourceTree = "<group>"; };
		2AF6E29329C332DF00E8253B /* DriverRegistration4.swift */ = {isa = PBXFileReference; fileEncoding = 4; lastKnownFileType = sourcecode.swift; path = DriverRegistration4.swift; sourceTree = "<group>"; };
		2AF6E29429C332DF00E8253B /* MyTripsScreen.swift */ = {isa = PBXFileReference; fileEncoding = 4; lastKnownFileType = sourcecode.swift; path = MyTripsScreen.swift; sourceTree = "<group>"; };
		2AF6E29529C332DF00E8253B /* ProfileScreen.swift */ = {isa = PBXFileReference; fileEncoding = 4; lastKnownFileType = sourcecode.swift; path = ProfileScreen.swift; sourceTree = "<group>"; };
		2AF6E29629C332DF00E8253B /* ReviewScreen.swift */ = {isa = PBXFileReference; fileEncoding = 4; lastKnownFileType = sourcecode.swift; path = ReviewScreen.swift; sourceTree = "<group>"; };
		2AF6E29729C332DF00E8253B /* MenuScreen.swift */ = {isa = PBXFileReference; fileEncoding = 4; lastKnownFileType = sourcecode.swift; path = MenuScreen.swift; sourceTree = "<group>"; };
		2AF6E29829C332DF00E8253B /* testgit.swift */ = {isa = PBXFileReference; fileEncoding = 4; lastKnownFileType = sourcecode.swift; path = testgit.swift; sourceTree = "<group>"; };
		2AF6E29929C332DF00E8253B /* DriverRegistration2.swift */ = {isa = PBXFileReference; fileEncoding = 4; lastKnownFileType = sourcecode.swift; path = DriverRegistration2.swift; sourceTree = "<group>"; };
		2AF6E29A29C332DF00E8253B /* Document Management.swift */ = {isa = PBXFileReference; fileEncoding = 4; lastKnownFileType = sourcecode.swift; path = "Document Management.swift"; sourceTree = "<group>"; };
		2AF6E29B29C332DF00E8253B /* MyWallet2.swift */ = {isa = PBXFileReference; fileEncoding = 4; lastKnownFileType = sourcecode.swift; path = MyWallet2.swift; sourceTree = "<group>"; };
		2AF6E29C29C332DF00E8253B /* VichleManagementScreen.swift */ = {isa = PBXFileReference; fileEncoding = 4; lastKnownFileType = sourcecode.swift; path = VichleManagementScreen.swift; sourceTree = "<group>"; };
		2AF6E29D29C332DF00E8253B /* DriverRegistration.swift */ = {isa = PBXFileReference; fileEncoding = 4; lastKnownFileType = sourcecode.swift; path = DriverRegistration.swift; sourceTree = "<group>"; };
		2AF6E29E29C332DF00E8253B /* DriverRegistration3.swift */ = {isa = PBXFileReference; fileEncoding = 4; lastKnownFileType = sourcecode.swift; path = DriverRegistration3.swift; sourceTree = "<group>"; };
		2AF6E29F29C332DF00E8253B /* CashoutScreen.swift */ = {isa = PBXFileReference; fileEncoding = 4; lastKnownFileType = sourcecode.swift; path = CashoutScreen.swift; sourceTree = "<group>"; };
		2AF6E2A029C332DF00E8253B /* RequestScreen.swift */ = {isa = PBXFileReference; fileEncoding = 4; lastKnownFileType = sourcecode.swift; path = RequestScreen.swift; sourceTree = "<group>"; };
		2AF6E2A129C332DF00E8253B /* SuccessfulScreen.swift */ = {isa = PBXFileReference; fileEncoding = 4; lastKnownFileType = sourcecode.swift; path = SuccessfulScreen.swift; sourceTree = "<group>"; };
		2AF6E2A229C332DF00E8253B /* WelcomeScreen.swift */ = {isa = PBXFileReference; fileEncoding = 4; lastKnownFileType = sourcecode.swift; path = WelcomeScreen.swift; sourceTree = "<group>"; };
		2AF6E2A329C332DF00E8253B /*  DriverRegistration5.swift */ = {isa = PBXFileReference; fileEncoding = 4; lastKnownFileType = sourcecode.swift; path = " DriverRegistration5.swift"; sourceTree = "<group>"; };
		2AF6E2A429C332DF00E8253B /* SuccessfulScreen2.swift */ = {isa = PBXFileReference; fileEncoding = 4; lastKnownFileType = sourcecode.swift; path = SuccessfulScreen2.swift; sourceTree = "<group>"; };
		2AF6E2A529C332DF00E8253B /* NotificationScreen.swift */ = {isa = PBXFileReference; fileEncoding = 4; lastKnownFileType = sourcecode.swift; path = NotificationScreen.swift; sourceTree = "<group>"; };
		2AF6E2A629C332DF00E8253B /* SwiftUIView.swift */ = {isa = PBXFileReference; fileEncoding = 4; lastKnownFileType = sourcecode.swift; path = SwiftUIView.swift; sourceTree = "<group>"; };
		2AF6E2A729C332DF00E8253B /* LoginScreen.swift */ = {isa = PBXFileReference; fileEncoding = 4; lastKnownFileType = sourcecode.swift; path = LoginScreen.swift; sourceTree = "<group>"; };
		2AF6E2A829C332DF00E8253B /* AddBankAccountScreen.swift */ = {isa = PBXFileReference; fileEncoding = 4; lastKnownFileType = sourcecode.swift; path = AddBankAccountScreen.swift; sourceTree = "<group>"; };
		2AF6E2C229C3330700E8253B /* ContentView.swift */ = {isa = PBXFileReference; fileEncoding = 4; lastKnownFileType = sourcecode.swift; path = ContentView.swift; sourceTree = "<group>"; };
		2AF6E2C429C3331600E8253B /* Assets.xcassets */ = {isa = PBXFileReference; lastKnownFileType = folder.assetcatalog; path = Assets.xcassets; sourceTree = "<group>"; };
/* End PBXFileReference section */

/* Begin PBXFrameworksBuildPhase section */
		2AF6E26E29C3329200E8253B /* Frameworks */ = {
			isa = PBXFrameworksBuildPhase;
			buildActionMask = 2147483647;
			files = (
			);
			runOnlyForDeploymentPostprocessing = 0;
		};
/* End PBXFrameworksBuildPhase section */

/* Begin PBXGroup section */
		2AF6E26829C3329200E8253B = {
			isa = PBXGroup;
			children = (
				2AF6E27329C3329200E8253B /* UberDriver2 */,
				2AF6E27229C3329200E8253B /* Products */,
			);
			sourceTree = "<group>";
		};
		2AF6E27229C3329200E8253B /* Products */ = {
			isa = PBXGroup;
			children = (
				2AF6E27129C3329200E8253B /* UberDriver2.app */,
			);
			name = Products;
			sourceTree = "<group>";
		};
		2AF6E27329C3329200E8253B /* UberDriver2 */ = {
			isa = PBXGroup;
			children = (
				2AF6E28F29C332DF00E8253B /* Screens */,
				2AF6E28229C332C300E8253B /* Customs */,
				2AF6E27429C3329200E8253B /* UberDriver2App.swift */,
				2AF6E2C229C3330700E8253B /* ContentView.swift */,
				2AF6E27A29C3329300E8253B /* Preview Content */,
			);
			path = UberDriver2;
			sourceTree = "<group>";
		};
		2AF6E27A29C3329300E8253B /* Preview Content */ = {
			isa = PBXGroup;
			children = (
				2AF6E2C429C3331600E8253B /* Assets.xcassets */,
			);
			path = "Preview Content";
			sourceTree = "<group>";
		};
		2AF6E28229C332C300E8253B /* Customs */ = {
			isa = PBXGroup;
			children = (
				2AF6E28329C332C300E8253B /* CustomTrip.swift */,
				2AF6E28429C332C300E8253B /* CustomNotification.swift */,
				2AF6E28529C332C300E8253B /* RatingStar.swift */,
				2AF6E28629C332C300E8253B /* CustomRequest.swift */,
				2AF6E28729C332C300E8253B /* CustomTextField.swift */,
				2AF6E28829C332C300E8253B /* CustomReview.swift */,
			);
			path = Customs;
			sourceTree = "<group>";
		};
		2AF6E28F29C332DF00E8253B /* Screens */ = {
			isa = PBXGroup;
			children = (
				2AF6E29029C332DF00E8253B /* DriverRegistration6.swift */,
				2AF6E29129C332DF00E8253B /* signUpScreen.swift */,
				2AF6E29229C332DF00E8253B /* MyWallet1.swift */,
				2AF6E29329C332DF00E8253B /* DriverRegistration4.swift */,
				2AF6E29429C332DF00E8253B /* MyTripsScreen.swift */,
				2AF6E29529C332DF00E8253B /* ProfileScreen.swift */,
				2AF6E29629C332DF00E8253B /* ReviewScreen.swift */,
				2AF6E29729C332DF00E8253B /* MenuScreen.swift */,
				2AF6E29829C332DF00E8253B /* testgit.swift */,
				2AF6E29929C332DF00E8253B /* DriverRegistration2.swift */,
				2AF6E29A29C332DF00E8253B /* Document Management.swift */,
				2AF6E29B29C332DF00E8253B /* MyWallet2.swift */,
				2AF6E29C29C332DF00E8253B /* VichleManagementScreen.swift */,
				2AF6E29D29C332DF00E8253B /* DriverRegistration.swift */,
				2AF6E29E29C332DF00E8253B /* DriverRegistration3.swift */,
				2AF6E29F29C332DF00E8253B /* CashoutScreen.swift */,
				2AF6E2A029C332DF00E8253B /* RequestScreen.swift */,
				2AF6E2A129C332DF00E8253B /* SuccessfulScreen.swift */,
				2AF6E2A229C332DF00E8253B /* WelcomeScreen.swift */,
				2AF6E2A329C332DF00E8253B /*  DriverRegistration5.swift */,
				2AF6E2A429C332DF00E8253B /* SuccessfulScreen2.swift */,
				2AF6E2A529C332DF00E8253B /* NotificationScreen.swift */,
				2AF6E2A629C332DF00E8253B /* SwiftUIView.swift */,
				2AF6E2A729C332DF00E8253B /* LoginScreen.swift */,
				2AF6E2A829C332DF00E8253B /* AddBankAccountScreen.swift */,
			);
			path = Screens;
			sourceTree = "<group>";
		};
/* End PBXGroup section */

/* Begin PBXNativeTarget section */
		2AF6E27029C3329200E8253B /* UberDriver2 */ = {
			isa = PBXNativeTarget;
			buildConfigurationList = 2AF6E27F29C3329300E8253B /* Build configuration list for PBXNativeTarget "UberDriver2" */;
			buildPhases = (
				2AF6E26D29C3329200E8253B /* Sources */,
				2AF6E26E29C3329200E8253B /* Frameworks */,
				2AF6E26F29C3329200E8253B /* Resources */,
			);
			buildRules = (
			);
			dependencies = (
			);
			name = UberDriver2;
			productName = UberDriver2;
			productReference = 2AF6E27129C3329200E8253B /* UberDriver2.app */;
			productType = "com.apple.product-type.application";
		};
/* End PBXNativeTarget section */

/* Begin PBXProject section */
		2AF6E26929C3329200E8253B /* Project object */ = {
			isa = PBXProject;
			attributes = {
				BuildIndependentTargetsInParallel = 1;
				LastSwiftUpdateCheck = 1410;
				LastUpgradeCheck = 1410;
				TargetAttributes = {
					2AF6E27029C3329200E8253B = {
						CreatedOnToolsVersion = 14.1;
					};
				};
			};
			buildConfigurationList = 2AF6E26C29C3329200E8253B /* Build configuration list for PBXProject "UberDriver2" */;
			compatibilityVersion = "Xcode 14.0";
			developmentRegion = en;
			hasScannedForEncodings = 0;
			knownRegions = (
				en,
				Base,
			);
			mainGroup = 2AF6E26829C3329200E8253B;
			productRefGroup = 2AF6E27229C3329200E8253B /* Products */;
			projectDirPath = "";
			projectRoot = "";
			targets = (
				2AF6E27029C3329200E8253B /* UberDriver2 */,
			);
		};
/* End PBXProject section */

/* Begin PBXResourcesBuildPhase section */
		2AF6E26F29C3329200E8253B /* Resources */ = {
			isa = PBXResourcesBuildPhase;
			buildActionMask = 2147483647;
			files = (
				2AF6E2C529C3331600E8253B /* Assets.xcassets in Resources */,
			);
			runOnlyForDeploymentPostprocessing = 0;
		};
/* End PBXResourcesBuildPhase section */

/* Begin PBXSourcesBuildPhase section */
		2AF6E26D29C3329200E8253B /* Sources */ = {
			isa = PBXSourcesBuildPhase;
			buildActionMask = 2147483647;
			files = (
				2AF6E2B029C332DF00E8253B /* MenuScreen.swift in Sources */,
				2AF6E28D29C332C300E8253B /* CustomTextField.swift in Sources */,
				2AF6E2B329C332DF00E8253B /* Document Management.swift in Sources */,
				2AF6E2B729C332DF00E8253B /* DriverRegistration3.swift in Sources */,
				2AF6E2AE29C332DF00E8253B /* ProfileScreen.swift in Sources */,
				2AF6E2C029C332DF00E8253B /* LoginScreen.swift in Sources */,
				2AF6E2B629C332DF00E8253B /* DriverRegistration.swift in Sources */,
				2AF6E28C29C332C300E8253B /* CustomRequest.swift in Sources */,
				2AF6E2AD29C332DF00E8253B /* MyTripsScreen.swift in Sources */,
				2AF6E28E29C332C300E8253B /* CustomReview.swift in Sources */,
				2AF6E2B429C332DF00E8253B /* MyWallet2.swift in Sources */,
				2AF6E2B929C332DF00E8253B /* RequestScreen.swift in Sources */,
				2AF6E2BB29C332DF00E8253B /* WelcomeScreen.swift in Sources */,
				2AF6E2BC29C332DF00E8253B /*  DriverRegistration5.swift in Sources */,
				2AF6E2BD29C332DF00E8253B /* SuccessfulScreen2.swift in Sources */,
				2AF6E2C129C332DF00E8253B /* AddBankAccountScreen.swift in Sources */,
				2AF6E28A29C332C300E8253B /* CustomNotification.swift in Sources */,
				2AF6E2AA29C332DF00E8253B /* signUpScreen.swift in Sources */,
				2AF6E2B829C332DF00E8253B /* CashoutScreen.swift in Sources */,
				2AF6E2BA29C332DF00E8253B /* SuccessfulScreen.swift in Sources */,
				2AF6E28B29C332C300E8253B /* RatingStar.swift in Sources */,
				2AF6E2B529C332DF00E8253B /* VichleManagementScreen.swift in Sources */,
				2AF6E27529C3329200E8253B /* UberDriver2App.swift in Sources */,
				2AF6E2C329C3330700E8253B /* ContentView.swift in Sources */,
				2AF6E2A929C332DF00E8253B /* DriverRegistration6.swift in Sources */,
				2AF6E2AB29C332DF00E8253B /* MyWallet1.swift in Sources */,
				2AF6E2B129C332DF00E8253B /* testgit.swift in Sources */,
				2AF6E28929C332C300E8253B /* CustomTrip.swift in Sources */,
				2AF6E2BF29C332DF00E8253B /* SwiftUIView.swift in Sources */,
				2AF6E2B229C332DF00E8253B /* DriverRegistration2.swift in Sources */,
				2AF6E2AC29C332DF00E8253B /* DriverRegistration4.swift in Sources */,
				2AF6E2BE29C332DF00E8253B /* NotificationScreen.swift in Sources */,
				2AF6E2AF29C332DF00E8253B /* ReviewScreen.swift in Sources */,
			);
			runOnlyForDeploymentPostprocessing = 0;
		};
/* End PBXSourcesBuildPhase section */

/* Begin XCBuildConfiguration section */
		2AF6E27D29C3329300E8253B /* Debug */ = {
			isa = XCBuildConfiguration;
			buildSettings = {
				ALWAYS_SEARCH_USER_PATHS = NO;
				CLANG_ANALYZER_NONNULL = YES;
				CLANG_ANALYZER_NUMBER_OBJECT_CONVERSION = YES_AGGRESSIVE;
				CLANG_CXX_LANGUAGE_STANDARD = "gnu++20";
				CLANG_ENABLE_MODULES = YES;
				CLANG_ENABLE_OBJC_ARC = YES;
				CLANG_ENABLE_OBJC_WEAK = YES;
				CLANG_WARN_BLOCK_CAPTURE_AUTORELEASING = YES;
				CLANG_WARN_BOOL_CONVERSION = YES;
				CLANG_WARN_COMMA = YES;
				CLANG_WARN_CONSTANT_CONVERSION = YES;
				CLANG_WARN_DEPRECATED_OBJC_IMPLEMENTATIONS = YES;
				CLANG_WARN_DIRECT_OBJC_ISA_USAGE = YES_ERROR;
				CLANG_WARN_DOCUMENTATION_COMMENTS = YES;
				CLANG_WARN_EMPTY_BODY = YES;
				CLANG_WARN_ENUM_CONVERSION = YES;
				CLANG_WARN_INFINITE_RECURSION = YES;
				CLANG_WARN_INT_CONVERSION = YES;
				CLANG_WARN_NON_LITERAL_NULL_CONVERSION = YES;
				CLANG_WARN_OBJC_IMPLICIT_RETAIN_SELF = YES;
				CLANG_WARN_OBJC_LITERAL_CONVERSION = YES;
				CLANG_WARN_OBJC_ROOT_CLASS = YES_ERROR;
				CLANG_WARN_QUOTED_INCLUDE_IN_FRAMEWORK_HEADER = YES;
				CLANG_WARN_RANGE_LOOP_ANALYSIS = YES;
				CLANG_WARN_STRICT_PROTOTYPES = YES;
				CLANG_WARN_SUSPICIOUS_MOVE = YES;
				CLANG_WARN_UNGUARDED_AVAILABILITY = YES_AGGRESSIVE;
				CLANG_WARN_UNREACHABLE_CODE = YES;
				CLANG_WARN__DUPLICATE_METHOD_MATCH = YES;
				COPY_PHASE_STRIP = NO;
				DEBUG_INFORMATION_FORMAT = dwarf;
				ENABLE_STRICT_OBJC_MSGSEND = YES;
				ENABLE_TESTABILITY = YES;
				GCC_C_LANGUAGE_STANDARD = gnu11;
				GCC_DYNAMIC_NO_PIC = NO;
				GCC_NO_COMMON_BLOCKS = YES;
				GCC_OPTIMIZATION_LEVEL = 0;
				GCC_PREPROCESSOR_DEFINITIONS = (
					"DEBUG=1",
					"$(inherited)",
				);
				GCC_WARN_64_TO_32_BIT_CONVERSION = YES;
				GCC_WARN_ABOUT_RETURN_TYPE = YES_ERROR;
				GCC_WARN_UNDECLARED_SELECTOR = YES;
				GCC_WARN_UNINITIALIZED_AUTOS = YES_AGGRESSIVE;
				GCC_WARN_UNUSED_FUNCTION = YES;
				GCC_WARN_UNUSED_VARIABLE = YES;
				IPHONEOS_DEPLOYMENT_TARGET = 16.1;
				MTL_ENABLE_DEBUG_INFO = INCLUDE_SOURCE;
				MTL_FAST_MATH = YES;
				ONLY_ACTIVE_ARCH = YES;
				SDKROOT = iphoneos;
				SWIFT_ACTIVE_COMPILATION_CONDITIONS = DEBUG;
				SWIFT_OPTIMIZATION_LEVEL = "-Onone";
			};
			name = Debug;
		};
		2AF6E27E29C3329300E8253B /* Release */ = {
			isa = XCBuildConfiguration;
			buildSettings = {
				ALWAYS_SEARCH_USER_PATHS = NO;
				CLANG_ANALYZER_NONNULL = YES;
				CLANG_ANALYZER_NUMBER_OBJECT_CONVERSION = YES_AGGRESSIVE;
				CLANG_CXX_LANGUAGE_STANDARD = "gnu++20";
				CLANG_ENABLE_MODULES = YES;
				CLANG_ENABLE_OBJC_ARC = YES;
				CLANG_ENABLE_OBJC_WEAK = YES;
				CLANG_WARN_BLOCK_CAPTURE_AUTORELEASING = YES;
				CLANG_WARN_BOOL_CONVERSION = YES;
				CLANG_WARN_COMMA = YES;
				CLANG_WARN_CONSTANT_CONVERSION = YES;
				CLANG_WARN_DEPRECATED_OBJC_IMPLEMENTATIONS = YES;
				CLANG_WARN_DIRECT_OBJC_ISA_USAGE = YES_ERROR;
				CLANG_WARN_DOCUMENTATION_COMMENTS = YES;
				CLANG_WARN_EMPTY_BODY = YES;
				CLANG_WARN_ENUM_CONVERSION = YES;
				CLANG_WARN_INFINITE_RECURSION = YES;
				CLANG_WARN_INT_CONVERSION = YES;
				CLANG_WARN_NON_LITERAL_NULL_CONVERSION = YES;
				CLANG_WARN_OBJC_IMPLICIT_RETAIN_SELF = YES;
				CLANG_WARN_OBJC_LITERAL_CONVERSION = YES;
				CLANG_WARN_OBJC_ROOT_CLASS = YES_ERROR;
				CLANG_WARN_QUOTED_INCLUDE_IN_FRAMEWORK_HEADER = YES;
				CLANG_WARN_RANGE_LOOP_ANALYSIS = YES;
				CLANG_WARN_STRICT_PROTOTYPES = YES;
				CLANG_WARN_SUSPICIOUS_MOVE = YES;
				CLANG_WARN_UNGUARDED_AVAILABILITY = YES_AGGRESSIVE;
				CLANG_WARN_UNREACHABLE_CODE = YES;
				CLANG_WARN__DUPLICATE_METHOD_MATCH = YES;
				COPY_PHASE_STRIP = NO;
				DEBUG_INFORMATION_FORMAT = "dwarf-with-dsym";
				ENABLE_NS_ASSERTIONS = NO;
				ENABLE_STRICT_OBJC_MSGSEND = YES;
				GCC_C_LANGUAGE_STANDARD = gnu11;
				GCC_NO_COMMON_BLOCKS = YES;
				GCC_WARN_64_TO_32_BIT_CONVERSION = YES;
				GCC_WARN_ABOUT_RETURN_TYPE = YES_ERROR;
				GCC_WARN_UNDECLARED_SELECTOR = YES;
				GCC_WARN_UNINITIALIZED_AUTOS = YES_AGGRESSIVE;
				GCC_WARN_UNUSED_FUNCTION = YES;
				GCC_WARN_UNUSED_VARIABLE = YES;
				IPHONEOS_DEPLOYMENT_TARGET = 16.1;
				MTL_ENABLE_DEBUG_INFO = NO;
				MTL_FAST_MATH = YES;
				SDKROOT = iphoneos;
				SWIFT_COMPILATION_MODE = wholemodule;
				SWIFT_OPTIMIZATION_LEVEL = "-O";
				VALIDATE_PRODUCT = YES;
			};
			name = Release;
		};
		2AF6E28029C3329300E8253B /* Debug */ = {
			isa = XCBuildConfiguration;
			buildSettings = {
				ASSETCATALOG_COMPILER_APPICON_NAME = AppIcon;
				ASSETCATALOG_COMPILER_GLOBAL_ACCENT_COLOR_NAME = AccentColor;
				CODE_SIGN_STYLE = Automatic;
				CURRENT_PROJECT_VERSION = 1;
				DEVELOPMENT_ASSET_PATHS = "\"UberDriver2/Preview Content\"";
				ENABLE_PREVIEWS = YES;
				GENERATE_INFOPLIST_FILE = YES;
				INFOPLIST_KEY_UIApplicationSceneManifest_Generation = YES;
				INFOPLIST_KEY_UIApplicationSupportsIndirectInputEvents = YES;
				INFOPLIST_KEY_UILaunchScreen_Generation = YES;
				INFOPLIST_KEY_UISupportedInterfaceOrientations_iPad = "UIInterfaceOrientationPortrait UIInterfaceOrientationPortraitUpsideDown UIInterfaceOrientationLandscapeLeft UIInterfaceOrientationLandscapeRight";
				INFOPLIST_KEY_UISupportedInterfaceOrientations_iPhone = "UIInterfaceOrientationPortrait UIInterfaceOrientationLandscapeLeft UIInterfaceOrientationLandscapeRight";
				LD_RUNPATH_SEARCH_PATHS = (
					"$(inherited)",
					"@executable_path/Frameworks",
				);
				MARKETING_VERSION = 1.0;
				PRODUCT_BUNDLE_IDENTIFIER = SHYA.UberDriver2;
				PRODUCT_NAME = "$(TARGET_NAME)";
				SWIFT_EMIT_LOC_STRINGS = YES;
				SWIFT_VERSION = 5.0;
				TARGETED_DEVICE_FAMILY = "1,2";
			};
			name = Debug;
		};
		2AF6E28129C3329300E8253B /* Release */ = {
			isa = XCBuildConfiguration;
			buildSettings = {
				ASSETCATALOG_COMPILER_APPICON_NAME = AppIcon;
				ASSETCATALOG_COMPILER_GLOBAL_ACCENT_COLOR_NAME = AccentColor;
				CODE_SIGN_STYLE = Automatic;
				CURRENT_PROJECT_VERSION = 1;
				DEVELOPMENT_ASSET_PATHS = "\"UberDriver2/Preview Content\"";
				ENABLE_PREVIEWS = YES;
				GENERATE_INFOPLIST_FILE = YES;
				INFOPLIST_KEY_UIApplicationSceneManifest_Generation = YES;
				INFOPLIST_KEY_UIApplicationSupportsIndirectInputEvents = YES;
				INFOPLIST_KEY_UILaunchScreen_Generation = YES;
				INFOPLIST_KEY_UISupportedInterfaceOrientations_iPad = "UIInterfaceOrientationPortrait UIInterfaceOrientationPortraitUpsideDown UIInterfaceOrientationLandscapeLeft UIInterfaceOrientationLandscapeRight";
				INFOPLIST_KEY_UISupportedInterfaceOrientations_iPhone = "UIInterfaceOrientationPortrait UIInterfaceOrientationLandscapeLeft UIInterfaceOrientationLandscapeRight";
				LD_RUNPATH_SEARCH_PATHS = (
					"$(inherited)",
					"@executable_path/Frameworks",
				);
				MARKETING_VERSION = 1.0;
				PRODUCT_BUNDLE_IDENTIFIER = SHYA.UberDriver2;
				PRODUCT_NAME = "$(TARGET_NAME)";
				SWIFT_EMIT_LOC_STRINGS = YES;
				SWIFT_VERSION = 5.0;
				TARGETED_DEVICE_FAMILY = "1,2";
			};
			name = Release;
		};
/* End XCBuildConfiguration section */

/* Begin XCConfigurationList section */
		2AF6E26C29C3329200E8253B /* Build configuration list for PBXProject "UberDriver2" */ = {
			isa = XCConfigurationList;
			buildConfigurations = (
				2AF6E27D29C3329300E8253B /* Debug */,
				2AF6E27E29C3329300E8253B /* Release */,
			);
			defaultConfigurationIsVisible = 0;
			defaultConfigurationName = Release;
		};
		2AF6E27F29C3329300E8253B /* Build configuration list for PBXNativeTarget "UberDriver2" */ = {
			isa = XCConfigurationList;
			buildConfigurations = (
				2AF6E28029C3329300E8253B /* Debug */,
				2AF6E28129C3329300E8253B /* Release */,
			);
			defaultConfigurationIsVisible = 0;
			defaultConfigurationName = Release;
		};
/* End XCConfigurationList section */
	};
	rootObject = 2AF6E26929C3329200E8253B /* Project object */;
}
